// !$*UTF8*$!
{
	archiveVersion = 1;
	classes = {
	};
	objectVersion = 46;
	objects = {

/* Begin PBXBuildFile section */
		1FF78D721D8F7B130035B309 /* FDNSReachability.h in Headers */ = {isa = PBXBuildFile; fileRef = 1FF78D6E1D8F7B130035B309 /* FDNSReachability.h */; };
		1FF78D731D8F7B130035B309 /* FDNSReachability.m in Sources */ = {isa = PBXBuildFile; fileRef = 1FF78D6F1D8F7B130035B309 /* FDNSReachability.m */; };
		1FF78D741D8F7B130035B309 /* FDNSService.h in Headers */ = {isa = PBXBuildFile; fileRef = 1FF78D701D8F7B130035B309 /* FDNSService.h */; };
		1FF78D751D8F7B130035B309 /* FDNSService.m in Sources */ = {isa = PBXBuildFile; fileRef = 1FF78D711D8F7B130035B309 /* FDNSService.m */; };
/* End PBXBuildFile section */

/* Begin PBXCopyFilesBuildPhase section */
		1FEB6A2B1D75162B0000ABA9 /* CopyFiles */ = {
			isa = PBXCopyFilesBuildPhase;
			buildActionMask = 2147483647;
			dstPath = "include/$(PRODUCT_NAME)";
			dstSubfolderSpec = 16;
			files = (
			);
			runOnlyForDeploymentPostprocessing = 0;
		};
/* End PBXCopyFilesBuildPhase section */

/* Begin PBXFileReference section */
		1FEB6A2D1D75162B0000ABA9 /* libFDNSService.a */ = {isa = PBXFileReference; explicitFileType = archive.ar; includeInIndex = 0; path = libFDNSService.a; sourceTree = BUILT_PRODUCTS_DIR; };
		1FF78D6E1D8F7B130035B309 /* FDNSReachability.h */ = {isa = PBXFileReference; fileEncoding = 4; lastKnownFileType = sourcecode.c.h; path = FDNSReachability.h; sourceTree = "<group>"; };
		1FF78D6F1D8F7B130035B309 /* FDNSReachability.m */ = {isa = PBXFileReference; fileEncoding = 4; lastKnownFileType = sourcecode.c.objc; path = FDNSReachability.m; sourceTree = "<group>"; };
		1FF78D701D8F7B130035B309 /* FDNSService.h */ = {isa = PBXFileReference; fileEncoding = 4; lastKnownFileType = sourcecode.c.h; path = FDNSService.h; sourceTree = "<group>"; };
		1FF78D711D8F7B130035B309 /* FDNSService.m */ = {isa = PBXFileReference; fileEncoding = 4; lastKnownFileType = sourcecode.c.objc; path = FDNSService.m; sourceTree = "<group>"; };
/* End PBXFileReference section */

/* Begin PBXFrameworksBuildPhase section */
		1FEB6A2A1D75162B0000ABA9 /* Frameworks */ = {
			isa = PBXFrameworksBuildPhase;
			buildActionMask = 2147483647;
			files = (
			);
			runOnlyForDeploymentPostprocessing = 0;
		};
/* End PBXFrameworksBuildPhase section */

/* Begin PBXGroup section */
		1FEB6A241D75162B0000ABA9 = {
			isa = PBXGroup;
			children = (
				1FEB6A2F1D75162B0000ABA9 /* FDNSService */,
				1FEB6A2E1D75162B0000ABA9 /* Products */,
			);
			sourceTree = "<group>";
		};
		1FEB6A2E1D75162B0000ABA9 /* Products */ = {
			isa = PBXGroup;
			children = (
				1FEB6A2D1D75162B0000ABA9 /* libFDNSService.a */,
			);
			name = Products;
			sourceTree = "<group>";
		};
		1FEB6A2F1D75162B0000ABA9 /* FDNSService */ = {
			isa = PBXGroup;
			children = (
				1FF78D6E1D8F7B130035B309 /* FDNSReachability.h */,
				1FF78D6F1D8F7B130035B309 /* FDNSReachability.m */,
				1FF78D701D8F7B130035B309 /* FDNSService.h */,
				1FF78D711D8F7B130035B309 /* FDNSService.m */,
			);
			path = FDNSService;
			sourceTree = "<group>";
		};
/* End PBXGroup section */

/* Begin PBXHeadersBuildPhase section */
		1FEB6A3F1D7517030000ABA9 /* Headers */ = {
			isa = PBXHeadersBuildPhase;
			buildActionMask = 2147483647;
			files = (
				1FF78D721D8F7B130035B309 /* FDNSReachability.h in Headers */,
				1FF78D741D8F7B130035B309 /* FDNSService.h in Headers */,
			);
			runOnlyForDeploymentPostprocessing = 0;
		};
/* End PBXHeadersBuildPhase section */

/* Begin PBXNativeTarget section */
		1FEB6A2C1D75162B0000ABA9 /* FDNSService */ = {
			isa = PBXNativeTarget;
			buildConfigurationList = 1FEB6A361D75162B0000ABA9 /* Build configuration list for PBXNativeTarget "FDNSService" */;
			buildPhases = (
				1FEB6A291D75162B0000ABA9 /* Sources */,
				1FEB6A2A1D75162B0000ABA9 /* Frameworks */,
				1FEB6A2B1D75162B0000ABA9 /* CopyFiles */,
				1FEB6A3F1D7517030000ABA9 /* Headers */,
			);
			buildRules = (
			);
			dependencies = (
			);
			name = FDNSService;
			productName = FDNSService;
			productReference = 1FEB6A2D1D75162B0000ABA9 /* libFDNSService.a */;
			productType = "com.apple.product-type.library.static";
		};
/* End PBXNativeTarget section */

/* Begin PBXProject section */
		1FEB6A251D75162B0000ABA9 /* Project object */ = {
			isa = PBXProject;
			attributes = {
				LastUpgradeCheck = 0730;
				ORGANIZATIONNAME = FDNSService;
				TargetAttributes = {
					1FEB6A2C1D75162B0000ABA9 = {
						CreatedOnToolsVersion = 7.3.1;
					};
				};
			};
			buildConfigurationList = 1FEB6A281D75162B0000ABA9 /* Build configuration list for PBXProject "FDNSService" */;
			compatibilityVersion = "Xcode 3.2";
			developmentRegion = English;
			hasScannedForEncodings = 0;
			knownRegions = (
				en,
			);
			mainGroup = 1FEB6A241D75162B0000ABA9;
			productRefGroup = 1FEB6A2E1D75162B0000ABA9 /* Products */;
			projectDirPath = "";
			projectRoot = "";
			targets = (
				1FEB6A2C1D75162B0000ABA9 /* FDNSService */,
			);
		};
/* End PBXProject section */

/* Begin PBXSourcesBuildPhase section */
		1FEB6A291D75162B0000ABA9 /* Sources */ = {
			isa = PBXSourcesBuildPhase;
			buildActionMask = 2147483647;
			files = (
				1FF78D751D8F7B130035B309 /* FDNSService.m in Sources */,
				1FF78D731D8F7B130035B309 /* FDNSReachability.m in Sources */,
			);
			runOnlyForDeploymentPostprocessing = 0;
		};
/* End PBXSourcesBuildPhase section */

/* Begin XCBuildConfiguration section */
		1FEB6A341D75162B0000ABA9 /* Debug */ = {
			isa = XCBuildConfiguration;
			buildSettings = {
				ALWAYS_SEARCH_USER_PATHS = NO;
				CLANG_ANALYZER_NONNULL = YES;
				CLANG_CXX_LANGUAGE_STANDARD = "gnu++0x";
				CLANG_CXX_LIBRARY = "libc++";
				CLANG_ENABLE_MODULES = YES;
				CLANG_ENABLE_OBJC_ARC = YES;
				CLANG_WARN_BOOL_CONVERSION = YES;
				CLANG_WARN_CONSTANT_CONVERSION = YES;
				CLANG_WARN_DIRECT_OBJC_ISA_USAGE = YES_ERROR;
				CLANG_WARN_EMPTY_BODY = YES;
				CLANG_WARN_ENUM_CONVERSION = YES;
				CLANG_WARN_INT_CONVERSION = YES;
				CLANG_WARN_OBJC_ROOT_CLASS = YES_ERROR;
				CLANG_WARN_UNREACHABLE_CODE = YES;
				CLANG_WARN__DUPLICATE_METHOD_MATCH = YES;
				"CODE_SIGN_IDENTITY[sdk=iphoneos*]" = "iPhone Developer";
				COPY_PHASE_STRIP = NO;
				DEBUG_INFORMATION_FORMAT = dwarf;
				ENABLE_STRICT_OBJC_MSGSEND = YES;
				ENABLE_TESTABILITY = YES;
				GCC_C_LANGUAGE_STANDARD = gnu99;
				GCC_DYNAMIC_NO_PIC = NO;
				GCC_NO_COMMON_BLOCKS = YES;
				GCC_OPTIMIZATION_LEVEL = 0;
				GCC_PREPROCESSOR_DEFINITIONS = (
					"DEBUG=1",
					"$(inherited)",
				);
				GCC_WARN_64_TO_32_BIT_CONVERSION = YES;
				GCC_WARN_ABOUT_RETURN_TYPE = YES_ERROR;
				GCC_WARN_UNDECLARED_SELECTOR = YES;
				GCC_WARN_UNINITIALIZED_AUTOS = YES_AGGRESSIVE;
				GCC_WARN_UNUSED_FUNCTION = YES;
				GCC_WARN_UNUSED_VARIABLE = YES;
				IPHONEOS_DEPLOYMENT_TARGET = 9.3;
				MTL_ENABLE_DEBUG_INFO = YES;
				ONLY_ACTIVE_ARCH = YES;
				SDKROOT = iphoneos;
			};
			name = Debug;
		};
		1FEB6A351D75162B0000ABA9 /* Release */ = {
			isa = XCBuildConfiguration;
			buildSettings = {
				ALWAYS_SEARCH_USER_PATHS = NO;
				CLANG_ANALYZER_NONNULL = YES;
				CLANG_CXX_LANGUAGE_STANDARD = "gnu++0x";
				CLANG_CXX_LIBRARY = "libc++";
				CLANG_ENABLE_MODULES = YES;
				CLANG_ENABLE_OBJC_ARC = YES;
				CLANG_WARN_BOOL_CONVERSION = YES;
				CLANG_WARN_CONSTANT_CONVERSION = YES;
				CLANG_WARN_DIRECT_OBJC_ISA_USAGE = YES_ERROR;
				CLANG_WARN_EMPTY_BODY = YES;
				CLANG_WARN_ENUM_CONVERSION = YES;
				CLANG_WARN_INT_CONVERSION = YES;
				CLANG_WARN_OBJC_ROOT_CLASS = YES_ERROR;
				CLANG_WARN_UNREACHABLE_CODE = YES;
				CLANG_WARN__DUPLICATE_METHOD_MATCH = YES;
				"CODE_SIGN_IDENTITY[sdk=iphoneos*]" = "iPhone Developer";
				COPY_PHASE_STRIP = NO;
				DEBUG_INFORMATION_FORMAT = "dwarf-with-dsym";
				ENABLE_NS_ASSERTIONS = NO;
				ENABLE_STRICT_OBJC_MSGSEND = YES;
				GCC_C_LANGUAGE_STANDARD = gnu99;
				GCC_NO_COMMON_BLOCKS = YES;
				GCC_WARN_64_TO_32_BIT_CONVERSION = YES;
				GCC_WARN_ABOUT_RETURN_TYPE = YES_ERROR;
				GCC_WARN_UNDECLARED_SELECTOR = YES;
				GCC_WARN_UNINITIALIZED_AUTOS = YES_AGGRESSIVE;
				GCC_WARN_UNUSED_FUNCTION = YES;
				GCC_WARN_UNUSED_VARIABLE = YES;
				IPHONEOS_DEPLOYMENT_TARGET = 9.3;
				MTL_ENABLE_DEBUG_INFO = NO;
				SDKROOT = iphoneos;
				VALIDATE_PRODUCT = YES;
			};
			name = Release;
		};
		1FEB6A371D75162B0000ABA9 /* Debug */ = {
			isa = XCBuildConfiguration;
			buildSettings = {
				OTHER_LDFLAGS = "-ObjC";
				PRODUCT_NAME = "$(TARGET_NAME)";
				SKIP_INSTALL = YES;
			};
			name = Debug;
		};
		1FEB6A381D75162B0000ABA9 /* Release */ = {
			isa = XCBuildConfiguration;
			buildSettings = {
				OTHER_LDFLAGS = "-ObjC";
				PRODUCT_NAME = "$(TARGET_NAME)";
				SKIP_INSTALL = YES;
			};
			name = Release;
		};
/* End XCBuildConfiguration section */

/* Begin XCConfigurationList section */
		1FEB6A281D75162B0000ABA9 /* Build configuration list for PBXProject "FDNSService" */ = {
			isa = XCConfigurationList;
			buildConfigurations = (
				1FEB6A341D75162B0000ABA9 /* Debug */,
				1FEB6A351D75162B0000ABA9 /* Release */,
			);
			defaultConfigurationIsVisible = 0;
			defaultConfigurationName = Release;
		};
		1FEB6A361D75162B0000ABA9 /* Build configuration list for PBXNativeTarget "FDNSService" */ = {
			isa = XCConfigurationList;
			buildConfigurations = (
				1FEB6A371D75162B0000ABA9 /* Debug */,
				1FEB6A381D75162B0000ABA9 /* Release */,
			);
			defaultConfigurationIsVisible = 0;
			defaultConfigurationName = Release;
		};
/* End XCConfigurationList section */
	};
	rootObject = 1FEB6A251D75162B0000ABA9 /* Project object */;
}
